
Microsoft Visual Studio Solution File, Format Version 12.00
# Visual Studio Version 16
VisualStudioVersion = 16.0.31205.134
MinimumVisualStudioVersion = 10.0.40219.1
Project("{FAE04EC0-301F-11D3-BF4B-00C04F79EFBC}") = "API-Support NET", "API-Support NET\API-Support NET.csproj", "{226C163E-88A4-484F-94B2-A43B71863A8F}"
EndProject
Global
	GlobalSection(SolutionConfigurationPlatforms) = preSolution
		Debug|Any CPU = Debug|Any CPU
		Release|Any CPU = Release|Any CPU
	EndGlobalSection
	GlobalSection(ProjectConfigurationPlatforms) = postSolution
		{226C163E-88A4-484F-94B2-A43B71863A8F}.Debug|Any CPU.ActiveCfg = Debug|Any CPU
		{226C163E-88A4-484F-94B2-A43B71863A8F}.Debug|Any CPU.Build.0 = Debug|Any CPU
		{226C163E-88A4-484F-94B2-A43B71863A8F}.Release|Any CPU.ActiveCfg = Release|Any CPU
		{226C163E-88A4-484F-94B2-A43B71863A8F}.Release|Any CPU.Build.0 = Release|Any CPU
	EndGlobalSection
	GlobalSection(SolutionProperties) = preSolution
		HideSolutionNode = FALSE
	EndGlobalSection
	GlobalSection(ExtensibilityGlobals) = postSolution
		SolutionGuid = {6F1F53A2-C4BF-4785-9E8A-F220F5B44D8D}
	EndGlobalSection
EndGlobal
